// !$*UTF8*$!
{
	archiveVersion = 1;
	classes = {
	};
	objectVersion = 77;
	objects = {

/* Begin PBXBuildFile section */
		660781B22D2CA98600BE87C3 /* ComposableArchitecture in Frameworks */ = {isa = PBXBuildFile; productRef = 660781B12D2CA98600BE87C3 /* ComposableArchitecture */; };
/* End PBXBuildFile section */

/* Begin PBXContainerItemProxy section */
		6686BAF22D276830006550D8 /* PBXContainerItemProxy */ = {
			isa = PBXContainerItemProxy;
			containerPortal = 6686BAD62D27682E006550D8 /* Project object */;
			proxyType = 1;
			remoteGlobalIDString = 6686BADD2D27682E006550D8;
			remoteInfo = "photo-copy";
		};
		6686BAFC2D276830006550D8 /* PBXContainerItemProxy */ = {
			isa = PBXContainerItemProxy;
			containerPortal = 6686BAD62D27682E006550D8 /* Project object */;
			proxyType = 1;
			remoteGlobalIDString = 6686BADD2D27682E006550D8;
			remoteInfo = "photo-copy";
		};
/* End PBXContainerItemProxy section */

/* Begin PBXFileReference section */
		661AA2962D29386700106CFE /* photo-copy.playground */ = {isa = PBXFileReference; lastKnownFileType = file.playground; name = "photo-copy.playground"; path = "../photo-copy.playground"; sourceTree = SOURCE_ROOT; xcLanguageSpecificationIdentifier = xcode.lang.swift; };
		6686BADE2D27682F006550D8 /* photo-copy.app */ = {isa = PBXFileReference; explicitFileType = wrapper.application; includeInIndex = 0; path = "photo-copy.app"; sourceTree = BUILT_PRODUCTS_DIR; };
		6686BAF12D276830006550D8 /* photo-copyTests.xctest */ = {isa = PBXFileReference; explicitFileType = wrapper.cfbundle; includeInIndex = 0; path = "photo-copyTests.xctest"; sourceTree = BUILT_PRODUCTS_DIR; };
		6686BAFB2D276830006550D8 /* photo-copyUITests.xctest */ = {isa = PBXFileReference; explicitFileType = wrapper.cfbundle; includeInIndex = 0; path = "photo-copyUITests.xctest"; sourceTree = BUILT_PRODUCTS_DIR; };
/* End PBXFileReference section */

/* Begin PBXFileSystemSynchronizedBuildFileExceptionSet section */
		66AD3F982D40D19900F66273 /* Exceptions for "photo-copy" folder in "photo-copy" target */ = {
			isa = PBXFileSystemSynchronizedBuildFileExceptionSet;
			membershipExceptions = (
				Info.plist,
			);
			target = 6686BADD2D27682E006550D8 /* photo-copy */;
		};
/* End PBXFileSystemSynchronizedBuildFileExceptionSet section */

/* Begin PBXFileSystemSynchronizedRootGroup section */
		6686BAE02D27682F006550D8 /* photo-copy */ = {
			isa = PBXFileSystemSynchronizedRootGroup;
			exceptions = (
				66AD3F982D40D19900F66273 /* Exceptions for "photo-copy" folder in "photo-copy" target */,
			);
			path = "photo-copy";
			sourceTree = "<group>";
		};
		6686BAF42D276830006550D8 /* photo-copyTests */ = {
			isa = PBXFileSystemSynchronizedRootGroup;
			path = "photo-copyTests";
			sourceTree = "<group>";
		};
		6686BAFE2D276830006550D8 /* photo-copyUITests */ = {
			isa = PBXFileSystemSynchronizedRootGroup;
			path = "photo-copyUITests";
			sourceTree = "<group>";
		};
/* End PBXFileSystemSynchronizedRootGroup section */

/* Begin PBXFrameworksBuildPhase section */
		6686BADB2D27682E006550D8 /* Frameworks */ = {
			isa = PBXFrameworksBuildPhase;
			buildActionMask = 2147483647;
			files = (
				660781B22D2CA98600BE87C3 /* ComposableArchitecture in Frameworks */,
			);
			runOnlyForDeploymentPostprocessing = 0;
		};
		6686BAEE2D276830006550D8 /* Frameworks */ = {
			isa = PBXFrameworksBuildPhase;
			buildActionMask = 2147483647;
			files = (
			);
			runOnlyForDeploymentPostprocessing = 0;
		};
		6686BAF82D276830006550D8 /* Frameworks */ = {
			isa = PBXFrameworksBuildPhase;
			buildActionMask = 2147483647;
			files = (
			);
			runOnlyForDeploymentPostprocessing = 0;
		};
/* End PBXFrameworksBuildPhase section */

/* Begin PBXGroup section */
		6686BAD52D27682E006550D8 = {
			isa = PBXGroup;
			children = (
				661AA2962D29386700106CFE /* photo-copy.playground */,
				6686BAE02D27682F006550D8 /* photo-copy */,
				6686BAF42D276830006550D8 /* photo-copyTests */,
				6686BAFE2D276830006550D8 /* photo-copyUITests */,
				6686BADF2D27682F006550D8 /* Products */,
			);
			sourceTree = "<group>";
		};
		6686BADF2D27682F006550D8 /* Products */ = {
			isa = PBXGroup;
			children = (
				6686BADE2D27682F006550D8 /* photo-copy.app */,
				6686BAF12D276830006550D8 /* photo-copyTests.xctest */,
				6686BAFB2D276830006550D8 /* photo-copyUITests.xctest */,
			);
			name = Products;
			sourceTree = "<group>";
		};
/* End PBXGroup section */

/* Begin PBXNativeTarget section */
		6686BADD2D27682E006550D8 /* photo-copy */ = {
			isa = PBXNativeTarget;
			buildConfigurationList = 6686BB052D276830006550D8 /* Build configuration list for PBXNativeTarget "photo-copy" */;
			buildPhases = (
				6686BADA2D27682E006550D8 /* Sources */,
				6686BADB2D27682E006550D8 /* Frameworks */,
				6686BADC2D27682E006550D8 /* Resources */,
			);
			buildRules = (
			);
			dependencies = (
			);
			fileSystemSynchronizedGroups = (
				6686BAE02D27682F006550D8 /* photo-copy */,
			);
			name = "photo-copy";
			packageProductDependencies = (
				660781B12D2CA98600BE87C3 /* ComposableArchitecture */,
			);
			productName = "photo-copy";
			productReference = 6686BADE2D27682F006550D8 /* photo-copy.app */;
			productType = "com.apple.product-type.application";
		};
		6686BAF02D276830006550D8 /* photo-copyTests */ = {
			isa = PBXNativeTarget;
			buildConfigurationList = 6686BB082D276830006550D8 /* Build configuration list for PBXNativeTarget "photo-copyTests" */;
			buildPhases = (
				6686BAED2D276830006550D8 /* Sources */,
				6686BAEE2D276830006550D8 /* Frameworks */,
				6686BAEF2D276830006550D8 /* Resources */,
			);
			buildRules = (
			);
			dependencies = (
				6686BAF32D276830006550D8 /* PBXTargetDependency */,
			);
			fileSystemSynchronizedGroups = (
				6686BAF42D276830006550D8 /* photo-copyTests */,
			);
			name = "photo-copyTests";
			packageProductDependencies = (
			);
			productName = "photo-copyTests";
			productReference = 6686BAF12D276830006550D8 /* photo-copyTests.xctest */;
			productType = "com.apple.product-type.bundle.unit-test";
		};
		6686BAFA2D276830006550D8 /* photo-copyUITests */ = {
			isa = PBXNativeTarget;
			buildConfigurationList = 6686BB0B2D276830006550D8 /* Build configuration list for PBXNativeTarget "photo-copyUITests" */;
			buildPhases = (
				6686BAF72D276830006550D8 /* Sources */,
				6686BAF82D276830006550D8 /* Frameworks */,
				6686BAF92D276830006550D8 /* Resources */,
			);
			buildRules = (
			);
			dependencies = (
				6686BAFD2D276830006550D8 /* PBXTargetDependency */,
			);
			fileSystemSynchronizedGroups = (
				6686BAFE2D276830006550D8 /* photo-copyUITests */,
			);
			name = "photo-copyUITests";
			packageProductDependencies = (
			);
			productName = "photo-copyUITests";
			productReference = 6686BAFB2D276830006550D8 /* photo-copyUITests.xctest */;
			productType = "com.apple.product-type.bundle.ui-testing";
		};
/* End PBXNativeTarget section */

/* Begin PBXProject section */
		6686BAD62D27682E006550D8 /* Project object */ = {
			isa = PBXProject;
			attributes = {
				BuildIndependentTargetsInParallel = 1;
				LastSwiftUpdateCheck = 1600;
				LastUpgradeCheck = 1600;
				TargetAttributes = {
					6686BADD2D27682E006550D8 = {
						CreatedOnToolsVersion = 16.0;
					};
					6686BAF02D276830006550D8 = {
						CreatedOnToolsVersion = 16.0;
						TestTargetID = 6686BADD2D27682E006550D8;
					};
					6686BAFA2D276830006550D8 = {
						CreatedOnToolsVersion = 16.0;
						TestTargetID = 6686BADD2D27682E006550D8;
					};
				};
			};
			buildConfigurationList = 6686BAD92D27682E006550D8 /* Build configuration list for PBXProject "photo-copy" */;
			developmentRegion = en;
			hasScannedForEncodings = 0;
			knownRegions = (
				en,
				Base,
			);
			mainGroup = 6686BAD52D27682E006550D8;
			minimizedProjectReferenceProxies = 1;
			packageReferences = (
				660781B02D2CA98600BE87C3 /* XCRemoteSwiftPackageReference "swift-composable-architecture" */,
			);
			preferredProjectObjectVersion = 77;
			productRefGroup = 6686BADF2D27682F006550D8 /* Products */;
			projectDirPath = "";
			projectRoot = "";
			targets = (
				6686BADD2D27682E006550D8 /* photo-copy */,
				6686BAF02D276830006550D8 /* photo-copyTests */,
				6686BAFA2D276830006550D8 /* photo-copyUITests */,
			);
		};
/* End PBXProject section */

/* Begin PBXResourcesBuildPhase section */
		6686BADC2D27682E006550D8 /* Resources */ = {
			isa = PBXResourcesBuildPhase;
			buildActionMask = 2147483647;
			files = (
			);
			runOnlyForDeploymentPostprocessing = 0;
		};
		6686BAEF2D276830006550D8 /* Resources */ = {
			isa = PBXResourcesBuildPhase;
			buildActionMask = 2147483647;
			files = (
			);
			runOnlyForDeploymentPostprocessing = 0;
		};
		6686BAF92D276830006550D8 /* Resources */ = {
			isa = PBXResourcesBuildPhase;
			buildActionMask = 2147483647;
			files = (
			);
			runOnlyForDeploymentPostprocessing = 0;
		};
/* End PBXResourcesBuildPhase section */

/* Begin PBXSourcesBuildPhase section */
		6686BADA2D27682E006550D8 /* Sources */ = {
			isa = PBXSourcesBuildPhase;
			buildActionMask = 2147483647;
			files = (
			);
			runOnlyForDeploymentPostprocessing = 0;
		};
		6686BAED2D276830006550D8 /* Sources */ = {
			isa = PBXSourcesBuildPhase;
			buildActionMask = 2147483647;
			files = (
			);
			runOnlyForDeploymentPostprocessing = 0;
		};
		6686BAF72D276830006550D8 /* Sources */ = {
			isa = PBXSourcesBuildPhase;
			buildActionMask = 2147483647;
			files = (
			);
			runOnlyForDeploymentPostprocessing = 0;
		};
/* End PBXSourcesBuildPhase section */

/* Begin PBXTargetDependency section */
		6686BAF32D276830006550D8 /* PBXTargetDependency */ = {
			isa = PBXTargetDependency;
			target = 6686BADD2D27682E006550D8 /* photo-copy */;
			targetProxy = 6686BAF22D276830006550D8 /* PBXContainerItemProxy */;
		};
		6686BAFD2D276830006550D8 /* PBXTargetDependency */ = {
			isa = PBXTargetDependency;
			target = 6686BADD2D27682E006550D8 /* photo-copy */;
			targetProxy = 6686BAFC2D276830006550D8 /* PBXContainerItemProxy */;
		};
/* End PBXTargetDependency section */

/* Begin XCBuildConfiguration section */
		6686BB032D276830006550D8 /* Debug */ = {
			isa = XCBuildConfiguration;
			buildSettings = {
				ALWAYS_SEARCH_USER_PATHS = NO;
				ASSETCATALOG_COMPILER_GENERATE_SWIFT_ASSET_SYMBOL_EXTENSIONS = YES;
				CLANG_ANALYZER_NONNULL = YES;
				CLANG_ANALYZER_NUMBER_OBJECT_CONVERSION = YES_AGGRESSIVE;
				CLANG_CXX_LANGUAGE_STANDARD = "gnu++20";
				CLANG_ENABLE_MODULES = YES;
				CLANG_ENABLE_OBJC_ARC = YES;
				CLANG_ENABLE_OBJC_WEAK = YES;
				CLANG_WARN_BLOCK_CAPTURE_AUTORELEASING = YES;
				CLANG_WARN_BOOL_CONVERSION = YES;
				CLANG_WARN_COMMA = YES;
				CLANG_WARN_CONSTANT_CONVERSION = YES;
				CLANG_WARN_DEPRECATED_OBJC_IMPLEMENTATIONS = YES;
				CLANG_WARN_DIRECT_OBJC_ISA_USAGE = YES_ERROR;
				CLANG_WARN_DOCUMENTATION_COMMENTS = YES;
				CLANG_WARN_EMPTY_BODY = YES;
				CLANG_WARN_ENUM_CONVERSION = YES;
				CLANG_WARN_INFINITE_RECURSION = YES;
				CLANG_WARN_INT_CONVERSION = YES;
				CLANG_WARN_NON_LITERAL_NULL_CONVERSION = YES;
				CLANG_WARN_OBJC_IMPLICIT_RETAIN_SELF = YES;
				CLANG_WARN_OBJC_LITERAL_CONVERSION = YES;
				CLANG_WARN_OBJC_ROOT_CLASS = YES_ERROR;
				CLANG_WARN_QUOTED_INCLUDE_IN_FRAMEWORK_HEADER = YES;
				CLANG_WARN_RANGE_LOOP_ANALYSIS = YES;
				CLANG_WARN_STRICT_PROTOTYPES = YES;
				CLANG_WARN_SUSPICIOUS_MOVE = YES;
				CLANG_WARN_UNGUARDED_AVAILABILITY = YES_AGGRESSIVE;
				CLANG_WARN_UNREACHABLE_CODE = YES;
				CLANG_WARN__DUPLICATE_METHOD_MATCH = YES;
				COPY_PHASE_STRIP = NO;
				DEBUG_INFORMATION_FORMAT = dwarf;
				ENABLE_STRICT_OBJC_MSGSEND = YES;
				ENABLE_TESTABILITY = YES;
				ENABLE_USER_SCRIPT_SANDBOXING = YES;
				GCC_C_LANGUAGE_STANDARD = gnu17;
				GCC_DYNAMIC_NO_PIC = NO;
				GCC_NO_COMMON_BLOCKS = YES;
				GCC_OPTIMIZATION_LEVEL = 0;
				GCC_PREPROCESSOR_DEFINITIONS = (
					"DEBUG=1",
					"$(inherited)",
				);
				GCC_WARN_64_TO_32_BIT_CONVERSION = YES;
				GCC_WARN_ABOUT_RETURN_TYPE = YES_ERROR;
				GCC_WARN_UNDECLARED_SELECTOR = YES;
				GCC_WARN_UNINITIALIZED_AUTOS = YES_AGGRESSIVE;
				GCC_WARN_UNUSED_FUNCTION = YES;
				GCC_WARN_UNUSED_VARIABLE = YES;
				LOCALIZATION_PREFERS_STRING_CATALOGS = YES;
				MACOSX_DEPLOYMENT_TARGET = 15.0;
				MTL_ENABLE_DEBUG_INFO = INCLUDE_SOURCE;
				MTL_FAST_MATH = YES;
				ONLY_ACTIVE_ARCH = YES;
				SDKROOT = macosx;
				SWIFT_ACTIVE_COMPILATION_CONDITIONS = "DEBUG $(inherited)";
				SWIFT_OPTIMIZATION_LEVEL = "-Onone";
			};
			name = Debug;
		};
		6686BB042D276830006550D8 /* Release */ = {
			isa = XCBuildConfiguration;
			buildSettings = {
				ALWAYS_SEARCH_USER_PATHS = NO;
				ASSETCATALOG_COMPILER_GENERATE_SWIFT_ASSET_SYMBOL_EXTENSIONS = YES;
				CLANG_ANALYZER_NONNULL = YES;
				CLANG_ANALYZER_NUMBER_OBJECT_CONVERSION = YES_AGGRESSIVE;
				CLANG_CXX_LANGUAGE_STANDARD = "gnu++20";
				CLANG_ENABLE_MODULES = YES;
				CLANG_ENABLE_OBJC_ARC = YES;
				CLANG_ENABLE_OBJC_WEAK = YES;
				CLANG_WARN_BLOCK_CAPTURE_AUTORELEASING = YES;
				CLANG_WARN_BOOL_CONVERSION = YES;
				CLANG_WARN_COMMA = YES;
				CLANG_WARN_CONSTANT_CONVERSION = YES;
				CLANG_WARN_DEPRECATED_OBJC_IMPLEMENTATIONS = YES;
				CLANG_WARN_DIRECT_OBJC_ISA_USAGE = YES_ERROR;
				CLANG_WARN_DOCUMENTATION_COMMENTS = YES;
				CLANG_WARN_EMPTY_BODY = YES;
				CLANG_WARN_ENUM_CONVERSION = YES;
				CLANG_WARN_INFINITE_RECURSION = YES;
				CLANG_WARN_INT_CONVERSION = YES;
				CLANG_WARN_NON_LITERAL_NULL_CONVERSION = YES;
				CLANG_WARN_OBJC_IMPLICIT_RETAIN_SELF = YES;
				CLANG_WARN_OBJC_LITERAL_CONVERSION = YES;
				CLANG_WARN_OBJC_ROOT_CLASS = YES_ERROR;
				CLANG_WARN_QUOTED_INCLUDE_IN_FRAMEWORK_HEADER = YES;
				CLANG_WARN_RANGE_LOOP_ANALYSIS = YES;
				CLANG_WARN_STRICT_PROTOTYPES = YES;
				CLANG_WARN_SUSPICIOUS_MOVE = YES;
				CLANG_WARN_UNGUARDED_AVAILABILITY = YES_AGGRESSIVE;
				CLANG_WARN_UNREACHABLE_CODE = YES;
				CLANG_WARN__DUPLICATE_METHOD_MATCH = YES;
				COPY_PHASE_STRIP = NO;
				DEBUG_INFORMATION_FORMAT = "dwarf-with-dsym";
				ENABLE_NS_ASSERTIONS = NO;
				ENABLE_STRICT_OBJC_MSGSEND = YES;
				ENABLE_USER_SCRIPT_SANDBOXING = YES;
				GCC_C_LANGUAGE_STANDARD = gnu17;
				GCC_NO_COMMON_BLOCKS = YES;
				GCC_WARN_64_TO_32_BIT_CONVERSION = YES;
				GCC_WARN_ABOUT_RETURN_TYPE = YES_ERROR;
				GCC_WARN_UNDECLARED_SELECTOR = YES;
				GCC_WARN_UNINITIALIZED_AUTOS = YES_AGGRESSIVE;
				GCC_WARN_UNUSED_FUNCTION = YES;
				GCC_WARN_UNUSED_VARIABLE = YES;
				LOCALIZATION_PREFERS_STRING_CATALOGS = YES;
				MACOSX_DEPLOYMENT_TARGET = 15.0;
				MTL_ENABLE_DEBUG_INFO = NO;
				MTL_FAST_MATH = YES;
				SDKROOT = macosx;
				SWIFT_COMPILATION_MODE = wholemodule;
			};
			name = Release;
		};
		6686BB062D276830006550D8 /* Debug */ = {
			isa = XCBuildConfiguration;
			buildSettings = {
				ASSETCATALOG_COMPILER_APPICON_NAME = AppIcon;
				ASSETCATALOG_COMPILER_GLOBAL_ACCENT_COLOR_NAME = AccentColor;
				CODE_SIGN_ENTITLEMENTS = "photo-copy/photo_copy.entitlements";
				CODE_SIGN_STYLE = Automatic;
				COMBINE_HIDPI_IMAGES = YES;
				CURRENT_PROJECT_VERSION = 3;
				DEVELOPMENT_ASSET_PATHS = "\"photo-copy/Preview Content\"";
				DEVELOPMENT_TEAM = 8Q64HL9M7Y;
				ENABLE_PREVIEWS = YES;
				GENERATE_INFOPLIST_FILE = YES;
				INFOPLIST_FILE = "photo-copy/Info.plist";
				INFOPLIST_KEY_CFBundleDisplayName = "Rex Photo Selector";
				INFOPLIST_KEY_NSHumanReadableCopyright = "";
				LD_RUNPATH_SEARCH_PATHS = (
					"$(inherited)",
					"@executable_path/../Frameworks",
				);
				MACOSX_DEPLOYMENT_TARGET = 13.5;
				MARKETING_VERSION = 0.3;
				OTHER_SWIFT_FLAGS = "-enable-upcoming-feature InferSendableFromCaptures";
				PRODUCT_BUNDLE_IDENTIFIER = "liam-ng.photo-copy";
				PRODUCT_NAME = "$(TARGET_NAME)";
				SWIFT_EMIT_LOC_STRINGS = YES;
				SWIFT_VERSION = 5.0;
			};
			name = Debug;
		};
		6686BB072D276830006550D8 /* Release */ = {
			isa = XCBuildConfiguration;
			buildSettings = {
				ASSETCATALOG_COMPILER_APPICON_NAME = AppIcon;
				ASSETCATALOG_COMPILER_GLOBAL_ACCENT_COLOR_NAME = AccentColor;
				CODE_SIGN_ENTITLEMENTS = "photo-copy/photo_copy.entitlements";
				CODE_SIGN_STYLE = Automatic;
				COMBINE_HIDPI_IMAGES = YES;
				CURRENT_PROJECT_VERSION = 3;
				DEVELOPMENT_ASSET_PATHS = "\"photo-copy/Preview Content\"";
				DEVELOPMENT_TEAM = 8Q64HL9M7Y;
				ENABLE_PREVIEWS = YES;
				GENERATE_INFOPLIST_FILE = YES;
				INFOPLIST_FILE = "photo-copy/Info.plist";
				INFOPLIST_KEY_CFBundleDisplayName = "Rex Photo Selector";
				INFOPLIST_KEY_NSHumanReadableCopyright = "";
				LD_RUNPATH_SEARCH_PATHS = (
					"$(inherited)",
					"@executable_path/../Frameworks",
				);
				MACOSX_DEPLOYMENT_TARGET = 13.5;
				MARKETING_VERSION = 0.3;
				OTHER_SWIFT_FLAGS = "-enable-upcoming-feature InferSendableFromCaptures";
				PRODUCT_BUNDLE_IDENTIFIER = "liam-ng.photo-copy";
				PRODUCT_NAME = "$(TARGET_NAME)";
				SWIFT_EMIT_LOC_STRINGS = YES;
				SWIFT_VERSION = 5.0;
			};
			name = Release;
		};
		6686BB092D276830006550D8 /* Debug */ = {
			isa = XCBuildConfiguration;
			buildSettings = {
				BUNDLE_LOADER = "$(TEST_HOST)";
				CODE_SIGN_STYLE = Automatic;
				CURRENT_PROJECT_VERSION = 1;
				GENERATE_INFOPLIST_FILE = YES;
				MACOSX_DEPLOYMENT_TARGET = 14.0;
				MARKETING_VERSION = 1.0;
				PRODUCT_BUNDLE_IDENTIFIER = "liam-ng.photo-copyTests";
				PRODUCT_NAME = "$(TARGET_NAME)";
				SWIFT_EMIT_LOC_STRINGS = NO;
				SWIFT_VERSION = 5.0;
				TEST_HOST = "$(BUILT_PRODUCTS_DIR)/photo-copy.app/$(BUNDLE_EXECUTABLE_FOLDER_PATH)/photo-copy";
			};
			name = Debug;
		};
		6686BB0A2D276830006550D8 /* Release */ = {
			isa = XCBuildConfiguration;
			buildSettings = {
				BUNDLE_LOADER = "$(TEST_HOST)";
				CODE_SIGN_STYLE = Automatic;
				CURRENT_PROJECT_VERSION = 1;
				GENERATE_INFOPLIST_FILE = YES;
				MACOSX_DEPLOYMENT_TARGET = 14.0;
				MARKETING_VERSION = 1.0;
				PRODUCT_BUNDLE_IDENTIFIER = "liam-ng.photo-copyTests";
				PRODUCT_NAME = "$(TARGET_NAME)";
				SWIFT_EMIT_LOC_STRINGS = NO;
				SWIFT_VERSION = 5.0;
				TEST_HOST = "$(BUILT_PRODUCTS_DIR)/photo-copy.app/$(BUNDLE_EXECUTABLE_FOLDER_PATH)/photo-copy";
			};
			name = Release;
		};
		6686BB0C2D276830006550D8 /* Debug */ = {
			isa = XCBuildConfiguration;
			buildSettings = {
				CODE_SIGN_STYLE = Automatic;
				CURRENT_PROJECT_VERSION = 1;
				GENERATE_INFOPLIST_FILE = YES;
				MARKETING_VERSION = 1.0;
				PRODUCT_BUNDLE_IDENTIFIER = "liam-ng.photo-copyUITests";
				PRODUCT_NAME = "$(TARGET_NAME)";
				SWIFT_EMIT_LOC_STRINGS = NO;
				SWIFT_VERSION = 5.0;
				TEST_TARGET_NAME = "photo-copy";
			};
			name = Debug;
		};
		6686BB0D2D276830006550D8 /* Release */ = {
			isa = XCBuildConfiguration;
			buildSettings = {
				CODE_SIGN_STYLE = Automatic;
				CURRENT_PROJECT_VERSION = 1;
				GENERATE_INFOPLIST_FILE = YES;
				MARKETING_VERSION = 1.0;
				PRODUCT_BUNDLE_IDENTIFIER = "liam-ng.photo-copyUITests";
				PRODUCT_NAME = "$(TARGET_NAME)";
				SWIFT_EMIT_LOC_STRINGS = NO;
				SWIFT_VERSION = 5.0;
				TEST_TARGET_NAME = "photo-copy";
			};
			name = Release;
		};
/* End XCBuildConfiguration section */

/* Begin XCConfigurationList section */
		6686BAD92D27682E006550D8 /* Build configuration list for PBXProject "photo-copy" */ = {
			isa = XCConfigurationList;
			buildConfigurations = (
				6686BB032D276830006550D8 /* Debug */,
				6686BB042D276830006550D8 /* Release */,
			);
			defaultConfigurationIsVisible = 0;
			defaultConfigurationName = Release;
		};
		6686BB052D276830006550D8 /* Build configuration list for PBXNativeTarget "photo-copy" */ = {
			isa = XCConfigurationList;
			buildConfigurations = (
				6686BB062D276830006550D8 /* Debug */,
				6686BB072D276830006550D8 /* Release */,
			);
			defaultConfigurationIsVisible = 0;
			defaultConfigurationName = Release;
		};
		6686BB082D276830006550D8 /* Build configuration list for PBXNativeTarget "photo-copyTests" */ = {
			isa = XCConfigurationList;
			buildConfigurations = (
				6686BB092D276830006550D8 /* Debug */,
				6686BB0A2D276830006550D8 /* Release */,
			);
			defaultConfigurationIsVisible = 0;
			defaultConfigurationName = Release;
		};
		6686BB0B2D276830006550D8 /* Build configuration list for PBXNativeTarget "photo-copyUITests" */ = {
			isa = XCConfigurationList;
			buildConfigurations = (
				6686BB0C2D276830006550D8 /* Debug */,
				6686BB0D2D276830006550D8 /* Release */,
			);
			defaultConfigurationIsVisible = 0;
			defaultConfigurationName = Release;
		};
/* End XCConfigurationList section */

/* Begin XCRemoteSwiftPackageReference section */
		660781B02D2CA98600BE87C3 /* XCRemoteSwiftPackageReference "swift-composable-architecture" */ = {
			isa = XCRemoteSwiftPackageReference;
			repositoryURL = "https://github.com/pointfreeco/swift-composable-architecture";
			requirement = {
				kind = upToNextMajorVersion;
				minimumVersion = 1.17.0;
			};
		};
/* End XCRemoteSwiftPackageReference section */

/* Begin XCSwiftPackageProductDependency section */
		660781B12D2CA98600BE87C3 /* ComposableArchitecture */ = {
			isa = XCSwiftPackageProductDependency;
			package = 660781B02D2CA98600BE87C3 /* XCRemoteSwiftPackageReference "swift-composable-architecture" */;
			productName = ComposableArchitecture;
		};
/* End XCSwiftPackageProductDependency section */
	};
	rootObject = 6686BAD62D27682E006550D8 /* Project object */;
}
